// !$*UTF8*$!
{
	archiveVersion = 1;
	classes = {
	};
	objectVersion = 51;
	objects = {

/* Begin PBXBuildFile section */
		BB8CC9CD84C8EEBCF1BFBD2C /* Pods_SCRAttributedStringBuilderDemo.framework in Frameworks */ = {isa = PBXBuildFile; fileRef = 6077E08FDF0711E81CB5F407 /* Pods_SCRAttributedStringBuilderDemo.framework */; };
		D298FF4D208B6E3300D1644E /* AppDelegate.m in Sources */ = {isa = PBXBuildFile; fileRef = D298FF4C208B6E3300D1644E /* AppDelegate.m */; };
		D298FF50208B6E3300D1644E /* OCViewController.m in Sources */ = {isa = PBXBuildFile; fileRef = D298FF4F208B6E3300D1644E /* OCViewController.m */; };
		D298FF53208B6E3300D1644E /* Main.storyboard in Resources */ = {isa = PBXBuildFile; fileRef = D298FF51208B6E3300D1644E /* Main.storyboard */; };
		D298FF55208B6E3400D1644E /* Assets.xcassets in Resources */ = {isa = PBXBuildFile; fileRef = D298FF54208B6E3400D1644E /* Assets.xcassets */; };
		D298FF58208B6E3400D1644E /* LaunchScreen.storyboard in Resources */ = {isa = PBXBuildFile; fileRef = D298FF56208B6E3400D1644E /* LaunchScreen.storyboard */; };
		D298FF5B208B6E3400D1644E /* main.m in Sources */ = {isa = PBXBuildFile; fileRef = D298FF5A208B6E3400D1644E /* main.m */; };
		D2D1824222E460E70098EA1E /* SwiftViewController.swift in Sources */ = {isa = PBXBuildFile; fileRef = D2D1824122E460E70098EA1E /* SwiftViewController.swift */; };
/* End PBXBuildFile section */

/* Begin PBXFileReference section */
		6077E08FDF0711E81CB5F407 /* Pods_SCRAttributedStringBuilderDemo.framework */ = {isa = PBXFileReference; explicitFileType = wrapper.framework; includeInIndex = 0; path = Pods_SCRAttributedStringBuilderDemo.framework; sourceTree = BUILT_PRODUCTS_DIR; };
		6725B618D98831E4BCB01132 /* Pods-SCRAttributedStringBuilderDemo.debug.xcconfig */ = {isa = PBXFileReference; includeInIndex = 1; lastKnownFileType = text.xcconfig; name = "Pods-SCRAttributedStringBuilderDemo.debug.xcconfig"; path = "Target Support Files/Pods-SCRAttributedStringBuilderDemo/Pods-SCRAttributedStringBuilderDemo.debug.xcconfig"; sourceTree = "<group>"; };
		815360CBEB7EEF4595BDC152 /* Pods-SCRAttributedStringBuilderDemo.release.xcconfig */ = {isa = PBXFileReference; includeInIndex = 1; lastKnownFileType = text.xcconfig; name = "Pods-SCRAttributedStringBuilderDemo.release.xcconfig"; path = "Target Support Files/Pods-SCRAttributedStringBuilderDemo/Pods-SCRAttributedStringBuilderDemo.release.xcconfig"; sourceTree = "<group>"; };
		D298FF48208B6E3300D1644E /* SCRAttributedStringBuilderDemo.app */ = {isa = PBXFileReference; explicitFileType = wrapper.application; includeInIndex = 0; path = SCRAttributedStringBuilderDemo.app; sourceTree = BUILT_PRODUCTS_DIR; };
		D298FF4B208B6E3300D1644E /* AppDelegate.h */ = {isa = PBXFileReference; lastKnownFileType = sourcecode.c.h; path = AppDelegate.h; sourceTree = "<group>"; };
		D298FF4C208B6E3300D1644E /* AppDelegate.m */ = {isa = PBXFileReference; lastKnownFileType = sourcecode.c.objc; path = AppDelegate.m; sourceTree = "<group>"; };
		D298FF4E208B6E3300D1644E /* OCViewController.h */ = {isa = PBXFileReference; lastKnownFileType = sourcecode.c.h; path = OCViewController.h; sourceTree = "<group>"; };
		D298FF4F208B6E3300D1644E /* OCViewController.m */ = {isa = PBXFileReference; lastKnownFileType = sourcecode.c.objc; path = OCViewController.m; sourceTree = "<group>"; };
		D298FF52208B6E3300D1644E /* Base */ = {isa = PBXFileReference; lastKnownFileType = file.storyboard; name = Base; path = Base.lproj/Main.storyboard; sourceTree = "<group>"; };
		D298FF54208B6E3400D1644E /* Assets.xcassets */ = {isa = PBXFileReference; lastKnownFileType = folder.assetcatalog; path = Assets.xcassets; sourceTree = "<group>"; };
		D298FF57208B6E3400D1644E /* Base */ = {isa = PBXFileReference; lastKnownFileType = file.storyboard; name = Base; path = Base.lproj/LaunchScreen.storyboard; sourceTree = "<group>"; };
		D298FF59208B6E3400D1644E /* Info.plist */ = {isa = PBXFileReference; lastKnownFileType = text.plist.xml; path = Info.plist; sourceTree = "<group>"; };
		D298FF5A208B6E3400D1644E /* main.m */ = {isa = PBXFileReference; lastKnownFileType = sourcecode.c.objc; path = main.m; sourceTree = "<group>"; };
		D2D1824122E460E70098EA1E /* SwiftViewController.swift */ = {isa = PBXFileReference; lastKnownFileType = sourcecode.swift; path = SwiftViewController.swift; sourceTree = "<group>"; };
/* End PBXFileReference section */

/* Begin PBXFrameworksBuildPhase section */
		D298FF45208B6E3300D1644E /* Frameworks */ = {
			isa = PBXFrameworksBuildPhase;
			buildActionMask = 2147483647;
			files = (
				BB8CC9CD84C8EEBCF1BFBD2C /* Pods_SCRAttributedStringBuilderDemo.framework in Frameworks */,
			);
			runOnlyForDeploymentPostprocessing = 0;
		};
/* End PBXFrameworksBuildPhase section */

/* Begin PBXGroup section */
		3645AD6AA037D61DE8CC96FD /* Frameworks */ = {
			isa = PBXGroup;
			children = (
				6077E08FDF0711E81CB5F407 /* Pods_SCRAttributedStringBuilderDemo.framework */,
			);
			name = Frameworks;
			sourceTree = "<group>";
		};
		7E8B7FEED18CB39597821CF3 /* Pods */ = {
			isa = PBXGroup;
			children = (
				6725B618D98831E4BCB01132 /* Pods-SCRAttributedStringBuilderDemo.debug.xcconfig */,
				815360CBEB7EEF4595BDC152 /* Pods-SCRAttributedStringBuilderDemo.release.xcconfig */,
			);
			path = Pods;
			sourceTree = "<group>";
		};
		D298FF3F208B6E3300D1644E = {
			isa = PBXGroup;
			children = (
				D298FF4A208B6E3300D1644E /* SCRAttributedStringBuilderDemo */,
				D298FF49208B6E3300D1644E /* Products */,
				7E8B7FEED18CB39597821CF3 /* Pods */,
				3645AD6AA037D61DE8CC96FD /* Frameworks */,
			);
			sourceTree = "<group>";
		};
		D298FF49208B6E3300D1644E /* Products */ = {
			isa = PBXGroup;
			children = (
				D298FF48208B6E3300D1644E /* SCRAttributedStringBuilderDemo.app */,
			);
			name = Products;
			sourceTree = "<group>";
		};
		D298FF4A208B6E3300D1644E /* SCRAttributedStringBuilderDemo */ = {
			isa = PBXGroup;
			children = (
				D298FF4B208B6E3300D1644E /* AppDelegate.h */,
				D298FF4C208B6E3300D1644E /* AppDelegate.m */,
				D298FF4E208B6E3300D1644E /* OCViewController.h */,
				D298FF4F208B6E3300D1644E /* OCViewController.m */,
				D2D1824122E460E70098EA1E /* SwiftViewController.swift */,
				D298FF51208B6E3300D1644E /* Main.storyboard */,
				D298FF54208B6E3400D1644E /* Assets.xcassets */,
				D298FF56208B6E3400D1644E /* LaunchScreen.storyboard */,
				D298FF59208B6E3400D1644E /* Info.plist */,
				D298FF5A208B6E3400D1644E /* main.m */,
			);
			path = SCRAttributedStringBuilderDemo;
			sourceTree = "<group>";
		};
/* End PBXGroup section */

/* Begin PBXNativeTarget section */
		D298FF47208B6E3300D1644E /* SCRAttributedStringBuilderDemo */ = {
			isa = PBXNativeTarget;
			buildConfigurationList = D298FF5E208B6E3400D1644E /* Build configuration list for PBXNativeTarget "SCRAttributedStringBuilderDemo" */;
			buildPhases = (
				AFFA0F38BE4F0CB74ECA04EC /* [CP] Check Pods Manifest.lock */,
				D298FF44208B6E3300D1644E /* Sources */,
				D298FF45208B6E3300D1644E /* Frameworks */,
				D298FF46208B6E3300D1644E /* Resources */,
				1928160FD83687654B366C3C /* [CP] Embed Pods Frameworks */,
			);
			buildRules = (
			);
			dependencies = (
			);
			name = SCRAttributedStringBuilderDemo;
			productName = SCRAttributedStringBuilderDemo;
			productReference = D298FF48208B6E3300D1644E /* SCRAttributedStringBuilderDemo.app */;
			productType = "com.apple.product-type.application";
		};
/* End PBXNativeTarget section */

/* Begin PBXProject section */
		D298FF40208B6E3300D1644E /* Project object */ = {
			isa = PBXProject;
			attributes = {
				LastUpgradeCheck = 1150;
				ORGANIZATIONNAME = "Chuanren Shang";
				TargetAttributes = {
					D298FF47208B6E3300D1644E = {
						CreatedOnToolsVersion = 9.3;
						LastSwiftMigration = 1020;
					};
				};
			};
			buildConfigurationList = D298FF43208B6E3300D1644E /* Build configuration list for PBXProject "SCRAttributedStringBuilderDemo" */;
			compatibilityVersion = "Xcode 9.3";
			developmentRegion = en;
			hasScannedForEncodings = 0;
			knownRegions = (
				en,
				Base,
			);
			mainGroup = D298FF3F208B6E3300D1644E;
			productRefGroup = D298FF49208B6E3300D1644E /* Products */;
			projectDirPath = "";
			projectRoot = "";
			targets = (
				D298FF47208B6E3300D1644E /* SCRAttributedStringBuilderDemo */,
			);
		};
/* End PBXProject section */

/* Begin PBXResourcesBuildPhase section */
		D298FF46208B6E3300D1644E /* Resources */ = {
			isa = PBXResourcesBuildPhase;
			buildActionMask = 2147483647;
			files = (
				D298FF58208B6E3400D1644E /* LaunchScreen.storyboard in Resources */,
				D298FF55208B6E3400D1644E /* Assets.xcassets in Resources */,
				D298FF53208B6E3300D1644E /* Main.storyboard in Resources */,
			);
			runOnlyForDeploymentPostprocessing = 0;
		};
/* End PBXResourcesBuildPhase section */

/* Begin PBXShellScriptBuildPhase section */
		1928160FD83687654B366C3C /* [CP] Embed Pods Frameworks */ = {
			isa = PBXShellScriptBuildPhase;
			buildActionMask = 2147483647;
			files = (
			);
			inputFileListPaths = (
				"${PODS_ROOT}/Target Support Files/Pods-SCRAttributedStringBuilderDemo/Pods-SCRAttributedStringBuilderDemo-frameworks-${CONFIGURATION}-input-files.xcfilelist",
			);
			name = "[CP] Embed Pods Frameworks";
			outputFileListPaths = (
				"${PODS_ROOT}/Target Support Files/Pods-SCRAttributedStringBuilderDemo/Pods-SCRAttributedStringBuilderDemo-frameworks-${CONFIGURATION}-output-files.xcfilelist",
			);
			runOnlyForDeploymentPostprocessing = 0;
			shellPath = /bin/sh;
			shellScript = "\"${PODS_ROOT}/Target Support Files/Pods-SCRAttributedStringBuilderDemo/Pods-SCRAttributedStringBuilderDemo-frameworks.sh\"\n";
			showEnvVarsInLog = 0;
		};
		AFFA0F38BE4F0CB74ECA04EC /* [CP] Check Pods Manifest.lock */ = {
			isa = PBXShellScriptBuildPhase;
			buildActionMask = 2147483647;
			files = (
			);
			inputFileListPaths = (
			);
			inputPaths = (
				"${PODS_PODFILE_DIR_PATH}/Podfile.lock",
				"${PODS_ROOT}/Manifest.lock",
			);
			name = "[CP] Check Pods Manifest.lock";
			outputFileListPaths = (
			);
			outputPaths = (
				"$(DERIVED_FILE_DIR)/Pods-SCRAttributedStringBuilderDemo-checkManifestLockResult.txt",
			);
			runOnlyForDeploymentPostprocessing = 0;
			shellPath = /bin/sh;
			shellScript = "diff \"${PODS_PODFILE_DIR_PATH}/Podfile.lock\" \"${PODS_ROOT}/Manifest.lock\" > /dev/null\nif [ $? != 0 ] ; then\n    # print error to STDERR\n    echo \"error: The sandbox is not in sync with the Podfile.lock. Run 'pod install' or update your CocoaPods installation.\" >&2\n    exit 1\nfi\n# This output is used by Xcode 'outputs' to avoid re-running this script phase.\necho \"SUCCESS\" > \"${SCRIPT_OUTPUT_FILE_0}\"\n";
			showEnvVarsInLog = 0;
		};
/* End PBXShellScriptBuildPhase section */

/* Begin PBXSourcesBuildPhase section */
		D298FF44208B6E3300D1644E /* Sources */ = {
			isa = PBXSourcesBuildPhase;
			buildActionMask = 2147483647;
			files = (
				D2D1824222E460E70098EA1E /* SwiftViewController.swift in Sources */,
				D298FF50208B6E3300D1644E /* OCViewController.m in Sources */,
				D298FF5B208B6E3400D1644E /* main.m in Sources */,
				D298FF4D208B6E3300D1644E /* AppDelegate.m in Sources */,
			);
			runOnlyForDeploymentPostprocessing = 0;
		};
/* End PBXSourcesBuildPhase section */

/* Begin PBXVariantGroup section */
		D298FF51208B6E3300D1644E /* Main.storyboard */ = {
			isa = PBXVariantGroup;
			children = (
				D298FF52208B6E3300D1644E /* Base */,
			);
			name = Main.storyboard;
			sourceTree = "<group>";
		};
		D298FF56208B6E3400D1644E /* LaunchScreen.storyboard */ = {
			isa = PBXVariantGroup;
			children = (
				D298FF57208B6E3400D1644E /* Base */,
			);
			name = LaunchScreen.storyboard;
			sourceTree = "<group>";
		};
/* End PBXVariantGroup section */

/* Begin XCBuildConfiguration section */
		D298FF5C208B6E3400D1644E /* Debug */ = {
			isa = XCBuildConfiguration;
			buildSettings = {
				ALWAYS_SEARCH_USER_PATHS = NO;
				CLANG_ANALYZER_NONNULL = YES;
				CLANG_ANALYZER_NUMBER_OBJECT_CONVERSION = YES_AGGRESSIVE;
				CLANG_CXX_LANGUAGE_STANDARD = "gnu++14";
				CLANG_CXX_LIBRARY = "libc++";
				CLANG_ENABLE_MODULES = YES;
				CLANG_ENABLE_OBJC_ARC = YES;
				CLANG_ENABLE_OBJC_WEAK = YES;
				CLANG_WARN_BLOCK_CAPTURE_AUTORELEASING = YES;
				CLANG_WARN_BOOL_CONVERSION = YES;
				CLANG_WARN_COMMA = YES;
				CLANG_WARN_CONSTANT_CONVERSION = YES;
				CLANG_WARN_DEPRECATED_OBJC_IMPLEMENTATIONS = YES;
				CLANG_WARN_DIRECT_OBJC_ISA_USAGE = YES_ERROR;
				CLANG_WARN_DOCUMENTATION_COMMENTS = YES;
				CLANG_WARN_EMPTY_BODY = YES;
				CLANG_WARN_ENUM_CONVERSION = YES;
				CLANG_WARN_INFINITE_RECURSION = YES;
				CLANG_WARN_INT_CONVERSION = YES;
				CLANG_WARN_NON_LITERAL_NULL_CONVERSION = YES;
				CLANG_WARN_OBJC_IMPLICIT_RETAIN_SELF = YES;
				CLANG_WARN_OBJC_LITERAL_CONVERSION = YES;
				CLANG_WARN_OBJC_ROOT_CLASS = YES_ERROR;
				CLANG_WARN_RANGE_LOOP_ANALYSIS = YES;
				CLANG_WARN_STRICT_PROTOTYPES = YES;
				CLANG_WARN_SUSPICIOUS_MOVE = YES;
				CLANG_WARN_UNGUARDED_AVAILABILITY = YES_AGGRESSIVE;
				CLANG_WARN_UNREACHABLE_CODE = YES;
				CLANG_WARN__DUPLICATE_METHOD_MATCH = YES;
				CODE_SIGN_IDENTITY = "iPhone Developer";
				COPY_PHASE_STRIP = NO;
				DEBUG_INFORMATION_FORMAT = dwarf;
				ENABLE_STRICT_OBJC_MSGSEND = YES;
				ENABLE_TESTABILITY = YES;
				GCC_C_LANGUAGE_STANDARD = gnu11;
				GCC_DYNAMIC_NO_PIC = NO;
				GCC_NO_COMMON_BLOCKS = YES;
				GCC_OPTIMIZATION_LEVEL = 0;
				GCC_PREPROCESSOR_DEFINITIONS = (
					"DEBUG=1",
					"$(inherited)",
				);
				GCC_WARN_64_TO_32_BIT_CONVERSION = YES;
				GCC_WARN_ABOUT_RETURN_TYPE = YES_ERROR;
				GCC_WARN_UNDECLARED_SELECTOR = YES;
				GCC_WARN_UNINITIALIZED_AUTOS = YES_AGGRESSIVE;
				GCC_WARN_UNUSED_FUNCTION = YES;
				GCC_WARN_UNUSED_VARIABLE = YES;
				IPHONEOS_DEPLOYMENT_TARGET = 11.3;
				MTL_ENABLE_DEBUG_INFO = YES;
				ONLY_ACTIVE_ARCH = YES;
				SDKROOT = iphoneos;
			};
			name = Debug;
		};
		D298FF5D208B6E3400D1644E /* Release */ = {
			isa = XCBuildConfiguration;
			buildSettings = {
				ALWAYS_SEARCH_USER_PATHS = NO;
				CLANG_ANALYZER_NONNULL = YES;
				CLANG_ANALYZER_NUMBER_OBJECT_CONVERSION = YES_AGGRESSIVE;
				CLANG_CXX_LANGUAGE_STANDARD = "gnu++14";
				CLANG_CXX_LIBRARY = "libc++";
				CLANG_ENABLE_MODULES = YES;
				CLANG_ENABLE_OBJC_ARC = YES;
				CLANG_ENABLE_OBJC_WEAK = YES;
				CLANG_WARN_BLOCK_CAPTURE_AUTORELEASING = YES;
				CLANG_WARN_BOOL_CONVERSION = YES;
				CLANG_WARN_COMMA = YES;
				CLANG_WARN_CONSTANT_CONVERSION = YES;
				CLANG_WARN_DEPRECATED_OBJC_IMPLEMENTATIONS = YES;
				CLANG_WARN_DIRECT_OBJC_ISA_USAGE = YES_ERROR;
				CLANG_WARN_DOCUMENTATION_COMMENTS = YES;
				CLANG_WARN_EMPTY_BODY = YES;
				CLANG_WARN_ENUM_CONVERSION = YES;
				CLANG_WARN_INFINITE_RECURSION = YES;
				CLANG_WARN_INT_CONVERSION = YES;
				CLANG_WARN_NON_LITERAL_NULL_CONVERSION = YES;
				CLANG_WARN_OBJC_IMPLICIT_RETAIN_SELF = YES;
				CLANG_WARN_OBJC_LITERAL_CONVERSION = YES;
				CLANG_WARN_OBJC_ROOT_CLASS = YES_ERROR;
				CLANG_WARN_RANGE_LOOP_ANALYSIS = YES;
				CLANG_WARN_STRICT_PROTOTYPES = YES;
				CLANG_WARN_SUSPICIOUS_MOVE = YES;
				CLANG_WARN_UNGUARDED_AVAILABILITY = YES_AGGRESSIVE;
				CLANG_WARN_UNREACHABLE_CODE = YES;
				CLANG_WARN__DUPLICATE_METHOD_MATCH = YES;
				CODE_SIGN_IDENTITY = "iPhone Developer";
				COPY_PHASE_STRIP = NO;
				DEBUG_INFORMATION_FORMAT = "dwarf-with-dsym";
				ENABLE_NS_ASSERTIONS = NO;
				ENABLE_STRICT_OBJC_MSGSEND = YES;
				GCC_C_LANGUAGE_STANDARD = gnu11;
				GCC_NO_COMMON_BLOCKS = YES;
				GCC_WARN_64_TO_32_BIT_CONVERSION = YES;
				GCC_WARN_ABOUT_RETURN_TYPE = YES_ERROR;
				GCC_WARN_UNDECLARED_SELECTOR = YES;
				GCC_WARN_UNINITIALIZED_AUTOS = YES_AGGRESSIVE;
				GCC_WARN_UNUSED_FUNCTION = YES;
				GCC_WARN_UNUSED_VARIABLE = YES;
				IPHONEOS_DEPLOYMENT_TARGET = 11.3;
				MTL_ENABLE_DEBUG_INFO = NO;
				SDKROOT = iphoneos;
				SWIFT_COMPILATION_MODE = wholemodule;
				VALIDATE_PRODUCT = YES;
			};
			name = Release;
		};
		D298FF5F208B6E3400D1644E /* Debug */ = {
			isa = XCBuildConfiguration;
			baseConfigurationReference = 6725B618D98831E4BCB01132 /* Pods-SCRAttributedStringBuilderDemo.debug.xcconfig */;
			buildSettings = {
				ASSETCATALOG_COMPILER_APPICON_NAME = AppIcon;
				CLANG_ENABLE_MODULES = YES;
				CODE_SIGN_STYLE = Automatic;
				DEVELOPMENT_TEAM = 2YT4DJT3SK;
				INFOPLIST_FILE = SCRAttributedStringBuilderDemo/Info.plist;
				LD_RUNPATH_SEARCH_PATHS = (
					"$(inherited)",
					"@executable_path/Frameworks",
				);
				PRODUCT_BUNDLE_IDENTIFIER = JoeShang.SCRAttributedStringBuilderDemo;
				PRODUCT_NAME = "$(TARGET_NAME)";
				SWIFT_OPTIMIZATION_LEVEL = "-Onone";
				SWIFT_VERSION = 5.0;
				TARGETED_DEVICE_FAMILY = "1,2";
			};
			name = Debug;
		};
		D298FF60208B6E3400D1644E /* Release */ = {
			isa = XCBuildConfiguration;
			baseConfigurationReference = 815360CBEB7EEF4595BDC152 /* Pods-SCRAttributedStringBuilderDemo.release.xcconfig */;
			buildSettings = {
				ASSETCATALOG_COMPILER_APPICON_NAME = AppIcon;
				CLANG_ENABLE_MODULES = YES;
				CODE_SIGN_STYLE = Automatic;
				DEVELOPMENT_TEAM = 2YT4DJT3SK;
				INFOPLIST_FILE = SCRAttributedStringBuilderDemo/Info.plist;
				LD_RUNPATH_SEARCH_PATHS = (
					"$(inherited)",
					"@executable_path/Frameworks",
				);
				PRODUCT_BUNDLE_IDENTIFIER = JoeShang.SCRAttributedStringBuilderDemo;
				PRODUCT_NAME = "$(TARGET_NAME)";
				SWIFT_VERSION = 5.0;
				TARGETED_DEVICE_FAMILY = "1,2";
			};
			name = Release;
		};
/* End XCBuildConfiguration section */

/* Begin XCConfigurationList section */
		D298FF43208B6E3300D1644E /* Build configuration list for PBXProject "SCRAttributedStringBuilderDemo" */ = {
			isa = XCConfigurationList;
			buildConfigurations = (
				D298FF5C208B6E3400D1644E /* Debug */,
				D298FF5D208B6E3400D1644E /* Release */,
			);
			defaultConfigurationIsVisible = 0;
			defaultConfigurationName = Release;
		};
		D298FF5E208B6E3400D1644E /* Build configuration list for PBXNativeTarget "SCRAttributedStringBuilderDemo" */ = {
			isa = XCConfigurationList;
			buildConfigurations = (
				D298FF5F208B6E3400D1644E /* Debug */,
				D298FF60208B6E3400D1644E /* Release */,
			);
			defaultConfigurationIsVisible = 0;
			defaultConfigurationName = Release;
		};
/* End XCConfigurationList section */
	};
	rootObject = D298FF40208B6E3300D1644E /* Project object */;
}
