// !$*UTF8*$!
{
	archiveVersion = 1;
	classes = {
	};
	objectVersion = 50;
	objects = {

/* Begin PBXBuildFile section */
		D298FF4D208B6E3300D1644E /* AppDelegate.m in Sources */ = {isa = PBXBuildFile; fileRef = D298FF4C208B6E3300D1644E /* AppDelegate.m */; };
		D298FF50208B6E3300D1644E /* ViewController.m in Sources */ = {isa = PBXBuildFile; fileRef = D298FF4F208B6E3300D1644E /* ViewController.m */; };
		D298FF53208B6E3300D1644E /* Main.storyboard in Resources */ = {isa = PBXBuildFile; fileRef = D298FF51208B6E3300D1644E /* Main.storyboard */; };
		D298FF55208B6E3400D1644E /* Assets.xcassets in Resources */ = {isa = PBXBuildFile; fileRef = D298FF54208B6E3400D1644E /* Assets.xcassets */; };
		D298FF58208B6E3400D1644E /* LaunchScreen.storyboard in Resources */ = {isa = PBXBuildFile; fileRef = D298FF56208B6E3400D1644E /* LaunchScreen.storyboard */; };
		D298FF5B208B6E3400D1644E /* main.m in Sources */ = {isa = PBXBuildFile; fileRef = D298FF5A208B6E3400D1644E /* main.m */; };
		D298FF64208B6EA100D1644E /* NSMutableAttributedString+SCRAttributedStringBuilder.m in Sources */ = {isa = PBXBuildFile; fileRef = D298FF63208B6EA100D1644E /* NSMutableAttributedString+SCRAttributedStringBuilder.m */; };
		D298FF67208B6ECD00D1644E /* NSString+SCRAttributedStringBuilder.m in Sources */ = {isa = PBXBuildFile; fileRef = D298FF66208B6ECD00D1644E /* NSString+SCRAttributedStringBuilder.m */; };
/* End PBXBuildFile section */

/* Begin PBXFileReference section */
		D298FF48208B6E3300D1644E /* SCRAttributedStringBuilderDemo.app */ = {isa = PBXFileReference; explicitFileType = wrapper.application; includeInIndex = 0; path = SCRAttributedStringBuilderDemo.app; sourceTree = BUILT_PRODUCTS_DIR; };
		D298FF4B208B6E3300D1644E /* AppDelegate.h */ = {isa = PBXFileReference; lastKnownFileType = sourcecode.c.h; path = AppDelegate.h; sourceTree = "<group>"; };
		D298FF4C208B6E3300D1644E /* AppDelegate.m */ = {isa = PBXFileReference; lastKnownFileType = sourcecode.c.objc; path = AppDelegate.m; sourceTree = "<group>"; };
		D298FF4E208B6E3300D1644E /* ViewController.h */ = {isa = PBXFileReference; lastKnownFileType = sourcecode.c.h; path = ViewController.h; sourceTree = "<group>"; };
		D298FF4F208B6E3300D1644E /* ViewController.m */ = {isa = PBXFileReference; lastKnownFileType = sourcecode.c.objc; path = ViewController.m; sourceTree = "<group>"; };
		D298FF52208B6E3300D1644E /* Base */ = {isa = PBXFileReference; lastKnownFileType = file.storyboard; name = Base; path = Base.lproj/Main.storyboard; sourceTree = "<group>"; };
		D298FF54208B6E3400D1644E /* Assets.xcassets */ = {isa = PBXFileReference; lastKnownFileType = folder.assetcatalog; path = Assets.xcassets; sourceTree = "<group>"; };
		D298FF57208B6E3400D1644E /* Base */ = {isa = PBXFileReference; lastKnownFileType = file.storyboard; name = Base; path = Base.lproj/LaunchScreen.storyboard; sourceTree = "<group>"; };
		D298FF59208B6E3400D1644E /* Info.plist */ = {isa = PBXFileReference; lastKnownFileType = text.plist.xml; path = Info.plist; sourceTree = "<group>"; };
		D298FF5A208B6E3400D1644E /* main.m */ = {isa = PBXFileReference; lastKnownFileType = sourcecode.c.objc; path = main.m; sourceTree = "<group>"; };
		D298FF62208B6EA100D1644E /* NSMutableAttributedString+SCRAttributedStringBuilder.h */ = {isa = PBXFileReference; lastKnownFileType = sourcecode.c.h; path = "NSMutableAttributedString+SCRAttributedStringBuilder.h"; sourceTree = "<group>"; };
		D298FF63208B6EA100D1644E /* NSMutableAttributedString+SCRAttributedStringBuilder.m */ = {isa = PBXFileReference; lastKnownFileType = sourcecode.c.objc; path = "NSMutableAttributedString+SCRAttributedStringBuilder.m"; sourceTree = "<group>"; };
		D298FF65208B6ECD00D1644E /* NSString+SCRAttributedStringBuilder.h */ = {isa = PBXFileReference; lastKnownFileType = sourcecode.c.h; path = "NSString+SCRAttributedStringBuilder.h"; sourceTree = "<group>"; };
		D298FF66208B6ECD00D1644E /* NSString+SCRAttributedStringBuilder.m */ = {isa = PBXFileReference; lastKnownFileType = sourcecode.c.objc; path = "NSString+SCRAttributedStringBuilder.m"; sourceTree = "<group>"; };
/* End PBXFileReference section */

/* Begin PBXFrameworksBuildPhase section */
		D298FF45208B6E3300D1644E /* Frameworks */ = {
			isa = PBXFrameworksBuildPhase;
			buildActionMask = 2147483647;
			files = (
			);
			runOnlyForDeploymentPostprocessing = 0;
		};
/* End PBXFrameworksBuildPhase section */

/* Begin PBXGroup section */
		D298FF3F208B6E3300D1644E = {
			isa = PBXGroup;
			children = (
				D298FF61208B6E7B00D1644E /* SCRAttributedStringBuilder */,
				D298FF4A208B6E3300D1644E /* SCRAttributedStringBuilderDemo */,
				D298FF49208B6E3300D1644E /* Products */,
			);
			sourceTree = "<group>";
		};
		D298FF49208B6E3300D1644E /* Products */ = {
			isa = PBXGroup;
			children = (
				D298FF48208B6E3300D1644E /* SCRAttributedStringBuilderDemo.app */,
			);
			name = Products;
			sourceTree = "<group>";
		};
		D298FF4A208B6E3300D1644E /* SCRAttributedStringBuilderDemo */ = {
			isa = PBXGroup;
			children = (
				D298FF4B208B6E3300D1644E /* AppDelegate.h */,
				D298FF4C208B6E3300D1644E /* AppDelegate.m */,
				D298FF4E208B6E3300D1644E /* ViewController.h */,
				D298FF4F208B6E3300D1644E /* ViewController.m */,
				D298FF51208B6E3300D1644E /* Main.storyboard */,
				D298FF54208B6E3400D1644E /* Assets.xcassets */,
				D298FF56208B6E3400D1644E /* LaunchScreen.storyboard */,
				D298FF59208B6E3400D1644E /* Info.plist */,
				D298FF5A208B6E3400D1644E /* main.m */,
			);
			path = SCRAttributedStringBuilderDemo;
			sourceTree = "<group>";
		};
		D298FF61208B6E7B00D1644E /* SCRAttributedStringBuilder */ = {
			isa = PBXGroup;
			children = (
				D298FF62208B6EA100D1644E /* NSMutableAttributedString+SCRAttributedStringBuilder.h */,
				D298FF63208B6EA100D1644E /* NSMutableAttributedString+SCRAttributedStringBuilder.m */,
				D298FF65208B6ECD00D1644E /* NSString+SCRAttributedStringBuilder.h */,
				D298FF66208B6ECD00D1644E /* NSString+SCRAttributedStringBuilder.m */,
			);
			name = SCRAttributedStringBuilder;
			path = ../SCRAttributedStringBuilder;
			sourceTree = "<group>";
		};
/* End PBXGroup section */

/* Begin PBXNativeTarget section */
		D298FF47208B6E3300D1644E /* SCRAttributedStringBuilderDemo */ = {
			isa = PBXNativeTarget;
			buildConfigurationList = D298FF5E208B6E3400D1644E /* Build configuration list for PBXNativeTarget "SCRAttributedStringBuilderDemo" */;
			buildPhases = (
				D298FF44208B6E3300D1644E /* Sources */,
				D298FF45208B6E3300D1644E /* Frameworks */,
				D298FF46208B6E3300D1644E /* Resources */,
			);
			buildRules = (
			);
			dependencies = (
			);
			name = SCRAttributedStringBuilderDemo;
			productName = SCRAttributedStringBuilderDemo;
			productReference = D298FF48208B6E3300D1644E /* SCRAttributedStringBuilderDemo.app */;
			productType = "com.apple.product-type.application";
		};
/* End PBXNativeTarget section */

/* Begin PBXProject section */
		D298FF40208B6E3300D1644E /* Project object */ = {
			isa = PBXProject;
			attributes = {
				LastUpgradeCheck = 0930;
				ORGANIZATIONNAME = "Chuanren Shang";
				TargetAttributes = {
					D298FF47208B6E3300D1644E = {
						CreatedOnToolsVersion = 9.3;
					};
				};
			};
			buildConfigurationList = D298FF43208B6E3300D1644E /* Build configuration list for PBXProject "SCRAttributedStringBuilderDemo" */;
			compatibilityVersion = "Xcode 9.3";
			developmentRegion = en;
			hasScannedForEncodings = 0;
			knownRegions = (
				en,
				Base,
			);
			mainGroup = D298FF3F208B6E3300D1644E;
			productRefGroup = D298FF49208B6E3300D1644E /* Products */;
			projectDirPath = "";
			projectRoot = "";
			targets = (
				D298FF47208B6E3300D1644E /* SCRAttributedStringBuilderDemo */,
			);
		};
/* End PBXProject section */

/* Begin PBXResourcesBuildPhase section */
		D298FF46208B6E3300D1644E /* Resources */ = {
			isa = PBXResourcesBuildPhase;
			buildActionMask = 2147483647;
			files = (
				D298FF58208B6E3400D1644E /* LaunchScreen.storyboard in Resources */,
				D298FF55208B6E3400D1644E /* Assets.xcassets in Resources */,
				D298FF53208B6E3300D1644E /* Main.storyboard in Resources */,
			);
			runOnlyForDeploymentPostprocessing = 0;
		};
/* End PBXResourcesBuildPhase section */

/* Begin PBXSourcesBuildPhase section */
		D298FF44208B6E3300D1644E /* Sources */ = {
			isa = PBXSourcesBuildPhase;
			buildActionMask = 2147483647;
			files = (
				D298FF67208B6ECD00D1644E /* NSString+SCRAttributedStringBuilder.m in Sources */,
				D298FF64208B6EA100D1644E /* NSMutableAttributedString+SCRAttributedStringBuilder.m in Sources */,
				D298FF50208B6E3300D1644E /* ViewController.m in Sources */,
				D298FF5B208B6E3400D1644E /* main.m in Sources */,
				D298FF4D208B6E3300D1644E /* AppDelegate.m in Sources */,
			);
			runOnlyForDeploymentPostprocessing = 0;
		};
/* End PBXSourcesBuildPhase section */

/* Begin PBXVariantGroup section */
		D298FF51208B6E3300D1644E /* Main.storyboard */ = {
			isa = PBXVariantGroup;
			children = (
				D298FF52208B6E3300D1644E /* Base */,
			);
			name = Main.storyboard;
			sourceTree = "<group>";
		};
		D298FF56208B6E3400D1644E /* LaunchScreen.storyboard */ = {
			isa = PBXVariantGroup;
			children = (
				D298FF57208B6E3400D1644E /* Base */,
			);
			name = LaunchScreen.storyboard;
			sourceTree = "<group>";
		};
/* End PBXVariantGroup section */

/* Begin XCBuildConfiguration section */
		D298FF5C208B6E3400D1644E /* Debug */ = {
			isa = XCBuildConfiguration;
			buildSettings = {
				ALWAYS_SEARCH_USER_PATHS = NO;
				CLANG_ANALYZER_NONNULL = YES;
				CLANG_ANALYZER_NUMBER_OBJECT_CONVERSION = YES_AGGRESSIVE;
				CLANG_CXX_LANGUAGE_STANDARD = "gnu++14";
				CLANG_CXX_LIBRARY = "libc++";
				CLANG_ENABLE_MODULES = YES;
				CLANG_ENABLE_OBJC_ARC = YES;
				CLANG_ENABLE_OBJC_WEAK = YES;
				CLANG_WARN_BLOCK_CAPTURE_AUTORELEASING = YES;
				CLANG_WARN_BOOL_CONVERSION = YES;
				CLANG_WARN_COMMA = YES;
				CLANG_WARN_CONSTANT_CONVERSION = YES;
				CLANG_WARN_DEPRECATED_OBJC_IMPLEMENTATIONS = YES;
				CLANG_WARN_DIRECT_OBJC_ISA_USAGE = YES_ERROR;
				CLANG_WARN_DOCUMENTATION_COMMENTS = YES;
				CLANG_WARN_EMPTY_BODY = YES;
				CLANG_WARN_ENUM_CONVERSION = YES;
				CLANG_WARN_INFINITE_RECURSION = YES;
				CLANG_WARN_INT_CONVERSION = YES;
				CLANG_WARN_NON_LITERAL_NULL_CONVERSION = YES;
				CLANG_WARN_OBJC_IMPLICIT_RETAIN_SELF = YES;
				CLANG_WARN_OBJC_LITERAL_CONVERSION = YES;
				CLANG_WARN_OBJC_ROOT_CLASS = YES_ERROR;
				CLANG_WARN_RANGE_LOOP_ANALYSIS = YES;
				CLANG_WARN_STRICT_PROTOTYPES = YES;
				CLANG_WARN_SUSPICIOUS_MOVE = YES;
				CLANG_WARN_UNGUARDED_AVAILABILITY = YES_AGGRESSIVE;
				CLANG_WARN_UNREACHABLE_CODE = YES;
				CLANG_WARN__DUPLICATE_METHOD_MATCH = YES;
				CODE_SIGN_IDENTITY = "iPhone Developer";
				COPY_PHASE_STRIP = NO;
				DEBUG_INFORMATION_FORMAT = dwarf;
				ENABLE_STRICT_OBJC_MSGSEND = YES;
				ENABLE_TESTABILITY = YES;
				GCC_C_LANGUAGE_STANDARD = gnu11;
				GCC_DYNAMIC_NO_PIC = NO;
				GCC_NO_COMMON_BLOCKS = YES;
				GCC_OPTIMIZATION_LEVEL = 0;
				GCC_PREPROCESSOR_DEFINITIONS = (
					"DEBUG=1",
					"$(inherited)",
				);
				GCC_WARN_64_TO_32_BIT_CONVERSION = YES;
				GCC_WARN_ABOUT_RETURN_TYPE = YES_ERROR;
				GCC_WARN_UNDECLARED_SELECTOR = YES;
				GCC_WARN_UNINITIALIZED_AUTOS = YES_AGGRESSIVE;
				GCC_WARN_UNUSED_FUNCTION = YES;
				GCC_WARN_UNUSED_VARIABLE = YES;
				IPHONEOS_DEPLOYMENT_TARGET = 11.3;
				MTL_ENABLE_DEBUG_INFO = YES;
				ONLY_ACTIVE_ARCH = YES;
				SDKROOT = iphoneos;
			};
			name = Debug;
		};
		D298FF5D208B6E3400D1644E /* Release */ = {
			isa = XCBuildConfiguration;
			buildSettings = {
				ALWAYS_SEARCH_USER_PATHS = NO;
				CLANG_ANALYZER_NONNULL = YES;
				CLANG_ANALYZER_NUMBER_OBJECT_CONVERSION = YES_AGGRESSIVE;
				CLANG_CXX_LANGUAGE_STANDARD = "gnu++14";
				CLANG_CXX_LIBRARY = "libc++";
				CLANG_ENABLE_MODULES = YES;
				CLANG_ENABLE_OBJC_ARC = YES;
				CLANG_ENABLE_OBJC_WEAK = YES;
				CLANG_WARN_BLOCK_CAPTURE_AUTORELEASING = YES;
				CLANG_WARN_BOOL_CONVERSION = YES;
				CLANG_WARN_COMMA = YES;
				CLANG_WARN_CONSTANT_CONVERSION = YES;
				CLANG_WARN_DEPRECATED_OBJC_IMPLEMENTATIONS = YES;
				CLANG_WARN_DIRECT_OBJC_ISA_USAGE = YES_ERROR;
				CLANG_WARN_DOCUMENTATION_COMMENTS = YES;
				CLANG_WARN_EMPTY_BODY = YES;
				CLANG_WARN_ENUM_CONVERSION = YES;
				CLANG_WARN_INFINITE_RECURSION = YES;
				CLANG_WARN_INT_CONVERSION = YES;
				CLANG_WARN_NON_LITERAL_NULL_CONVERSION = YES;
				CLANG_WARN_OBJC_IMPLICIT_RETAIN_SELF = YES;
				CLANG_WARN_OBJC_LITERAL_CONVERSION = YES;
				CLANG_WARN_OBJC_ROOT_CLASS = YES_ERROR;
				CLANG_WARN_RANGE_LOOP_ANALYSIS = YES;
				CLANG_WARN_STRICT_PROTOTYPES = YES;
				CLANG_WARN_SUSPICIOUS_MOVE = YES;
				CLANG_WARN_UNGUARDED_AVAILABILITY = YES_AGGRESSIVE;
				CLANG_WARN_UNREACHABLE_CODE = YES;
				CLANG_WARN__DUPLICATE_METHOD_MATCH = YES;
				CODE_SIGN_IDENTITY = "iPhone Developer";
				COPY_PHASE_STRIP = NO;
				DEBUG_INFORMATION_FORMAT = "dwarf-with-dsym";
				ENABLE_NS_ASSERTIONS = NO;
				ENABLE_STRICT_OBJC_MSGSEND = YES;
				GCC_C_LANGUAGE_STANDARD = gnu11;
				GCC_NO_COMMON_BLOCKS = YES;
				GCC_WARN_64_TO_32_BIT_CONVERSION = YES;
				GCC_WARN_ABOUT_RETURN_TYPE = YES_ERROR;
				GCC_WARN_UNDECLARED_SELECTOR = YES;
				GCC_WARN_UNINITIALIZED_AUTOS = YES_AGGRESSIVE;
				GCC_WARN_UNUSED_FUNCTION = YES;
				GCC_WARN_UNUSED_VARIABLE = YES;
				IPHONEOS_DEPLOYMENT_TARGET = 11.3;
				MTL_ENABLE_DEBUG_INFO = NO;
				SDKROOT = iphoneos;
				VALIDATE_PRODUCT = YES;
			};
			name = Release;
		};
		D298FF5F208B6E3400D1644E /* Debug */ = {
			isa = XCBuildConfiguration;
			buildSettings = {
				ASSETCATALOG_COMPILER_APPICON_NAME = AppIcon;
				CODE_SIGN_STYLE = Automatic;
				DEVELOPMENT_TEAM = 2YT4DJT3SK;
				INFOPLIST_FILE = SCRAttributedStringBuilderDemo/Info.plist;
				LD_RUNPATH_SEARCH_PATHS = (
					"$(inherited)",
					"@executable_path/Frameworks",
				);
				PRODUCT_BUNDLE_IDENTIFIER = JoeShang.SCRAttributedStringBuilderDemo;
				PRODUCT_NAME = "$(TARGET_NAME)";
				TARGETED_DEVICE_FAMILY = "1,2";
			};
			name = Debug;
		};
		D298FF60208B6E3400D1644E /* Release */ = {
			isa = XCBuildConfiguration;
			buildSettings = {
				ASSETCATALOG_COMPILER_APPICON_NAME = AppIcon;
				CODE_SIGN_STYLE = Automatic;
				DEVELOPMENT_TEAM = 2YT4DJT3SK;
				INFOPLIST_FILE = SCRAttributedStringBuilderDemo/Info.plist;
				LD_RUNPATH_SEARCH_PATHS = (
					"$(inherited)",
					"@executable_path/Frameworks",
				);
				PRODUCT_BUNDLE_IDENTIFIER = JoeShang.SCRAttributedStringBuilderDemo;
				PRODUCT_NAME = "$(TARGET_NAME)";
				TARGETED_DEVICE_FAMILY = "1,2";
			};
			name = Release;
		};
/* End XCBuildConfiguration section */

/* Begin XCConfigurationList section */
		D298FF43208B6E3300D1644E /* Build configuration list for PBXProject "SCRAttributedStringBuilderDemo" */ = {
			isa = XCConfigurationList;
			buildConfigurations = (
				D298FF5C208B6E3400D1644E /* Debug */,
				D298FF5D208B6E3400D1644E /* Release */,
			);
			defaultConfigurationIsVisible = 0;
			defaultConfigurationName = Release;
		};
		D298FF5E208B6E3400D1644E /* Build configuration list for PBXNativeTarget "SCRAttributedStringBuilderDemo" */ = {
			isa = XCConfigurationList;
			buildConfigurations = (
				D298FF5F208B6E3400D1644E /* Debug */,
				D298FF60208B6E3400D1644E /* Release */,
			);
			defaultConfigurationIsVisible = 0;
			defaultConfigurationName = Release;
		};
/* End XCConfigurationList section */
	};
	rootObject = D298FF40208B6E3300D1644E /* Project object */;
}
