PODS:
  - SCRAttributedStringBuilder (1.1.4):
    - SCRAttributedStringBuilder/All (= 1.1.4)
  - SCRAttributedStringBuilder/All (1.1.4):
    - SCRAttributedStringBuilder/OC
    - SCRAttributedStringBuilder/Swift
  - SCRAttributedStringBuilder/OC (1.1.4)
  - SCRAttributedStringBuilder/Swift (1.1.4)

DEPENDENCIES:
  - SCRAttributedStringBuilder (from `../`)

EXTERNAL SOURCES:
  SCRAttributedStringBuilder:
    :path: "../"

SPEC CHECKSUMS:
  SCRAttributedStringBuilder: 63c0bc0acc4197dc4bab688e12646e109324dcb3

PODFILE CHECKSUM: 4b7485c13243758b75f58635cf5bcdbc863beed1

COCOAPODS: 1.8.4
