PODS:
  - SCRAttributedStringBuilder (1.1.2):
    - SCRAttributedStringBuilder/All (= 1.1.2)
  - SCRAttributedStringBuilder/All (1.1.2):
    - SCRAttributedStringBuilder/OC
    - SCRAttributedStringBuilder/Swift
  - SCRAttributedStringBuilder/OC (1.1.2)
  - SCRAttributedStringBuilder/Swift (1.1.2)

DEPENDENCIES:
  - SCRAttributedStringBuilder (from `../`)

EXTERNAL SOURCES:
  SCRAttributedStringBuilder:
    :path: "../"

SPEC CHECKSUMS:
  SCRAttributedStringBuilder: 8729a1862d78f0c319a313e944ce3a217325d34b

PODFILE CHECKSUM: 86fd8b4bd5805e114cb3ea3b2ae830dc2b23aade

COCOAPODS: 1.8.4
